
Microsoft Visual Studio Solution File, Format Version 12.00
# Visual Studio Version 16
VisualStudioVersion = 16.0.32510.428
MinimumVisualStudioVersion = 10.0.40219.1
Project("{FAE04EC0-301F-11D3-BF4B-00C04F79EFBC}") = "Blackjack", "Blackjack\Blackjack.csproj", "{E58EE750-FCF2-4A76-B792-B44FE6B10E36}"
EndProject
Project("{FAE04EC0-301F-11D3-BF4B-00C04F79EFBC}") = "Casino", "Casino\Casino.csproj", "{1BE75EB7-95D7-4ECB-A8A7-C983CCF29896}"
EndProject
Global
	GlobalSection(SolutionConfigurationPlatforms) = preSolution
		Debug|Any CPU = Debug|Any CPU
		Release|Any CPU = Release|Any CPU
	EndGlobalSection
	GlobalSection(ProjectConfigurationPlatforms) = postSolution
		{E58EE750-FCF2-4A76-B792-B44FE6B10E36}.Debug|Any CPU.ActiveCfg = Debug|Any CPU
		{E58EE750-FCF2-4A76-B792-B44FE6B10E36}.Debug|Any CPU.Build.0 = Debug|Any CPU
		{E58EE750-FCF2-4A76-B792-B44FE6B10E36}.Release|Any CPU.ActiveCfg = Release|Any CPU
		{E58EE750-FCF2-4A76-B792-B44FE6B10E36}.Release|Any CPU.Build.0 = Release|Any CPU
		{1BE75EB7-95D7-4ECB-A8A7-C983CCF29896}.Debug|Any CPU.ActiveCfg = Debug|Any CPU
		{1BE75EB7-95D7-4ECB-A8A7-C983CCF29896}.Debug|Any CPU.Build.0 = Debug|Any CPU
		{1BE75EB7-95D7-4ECB-A8A7-C983CCF29896}.Release|Any CPU.ActiveCfg = Release|Any CPU
		{1BE75EB7-95D7-4ECB-A8A7-C983CCF29896}.Release|Any CPU.Build.0 = Release|Any CPU
	EndGlobalSection
	GlobalSection(SolutionProperties) = preSolution
		HideSolutionNode = FALSE
	EndGlobalSection
	GlobalSection(ExtensibilityGlobals) = postSolution
		SolutionGuid = {E329DF50-5356-44BE-A28B-1AB9BEF88D5D}
	EndGlobalSection
EndGlobal
