
Microsoft Visual Studio Solution File, Format Version 12.00
# Visual Studio Version 16
VisualStudioVersion = 16.0.32510.428
MinimumVisualStudioVersion = 10.0.40219.1
Project("{FAE04EC0-301F-11D3-BF4B-00C04F79EFBC}") = "ConstructorAssignment", "ConstructorAssignment\ConstructorAssignment.csproj", "{89786656-4810-4420-84A0-7A3AA19FA98C}"
EndProject
Global
	GlobalSection(SolutionConfigurationPlatforms) = preSolution
		Debug|Any CPU = Debug|Any CPU
		Release|Any CPU = Release|Any CPU
	EndGlobalSection
	GlobalSection(ProjectConfigurationPlatforms) = postSolution
		{89786656-4810-4420-84A0-7A3AA19FA98C}.Debug|Any CPU.ActiveCfg = Debug|Any CPU
		{89786656-4810-4420-84A0-7A3AA19FA98C}.Debug|Any CPU.Build.0 = Debug|Any CPU
		{89786656-4810-4420-84A0-7A3AA19FA98C}.Release|Any CPU.ActiveCfg = Release|Any CPU
		{89786656-4810-4420-84A0-7A3AA19FA98C}.Release|Any CPU.Build.0 = Release|Any CPU
	EndGlobalSection
	GlobalSection(SolutionProperties) = preSolution
		HideSolutionNode = FALSE
	EndGlobalSection
	GlobalSection(ExtensibilityGlobals) = postSolution
		SolutionGuid = {64B5260A-8A7F-44CE-A35B-6577A331E916}
	EndGlobalSection
EndGlobal
