
Microsoft Visual Studio Solution File, Format Version 12.00
# Visual Studio Version 16
VisualStudioVersion = 16.0.32510.428
MinimumVisualStudioVersion = 10.0.40219.1
Project("{FAE04EC0-301F-11D3-BF4B-00C04F79EFBC}") = "ConsoleAppSixPartSubmission", "ConsoleAppSixPartSubmission\ConsoleAppSixPartSubmission.csproj", "{81235E96-B535-4DD0-BEED-80B1715BBB06}"
EndProject
Global
	GlobalSection(SolutionConfigurationPlatforms) = preSolution
		Debug|Any CPU = Debug|Any CPU
		Release|Any CPU = Release|Any CPU
	EndGlobalSection
	GlobalSection(ProjectConfigurationPlatforms) = postSolution
		{81235E96-B535-4DD0-BEED-80B1715BBB06}.Debug|Any CPU.ActiveCfg = Debug|Any CPU
		{81235E96-B535-4DD0-BEED-80B1715BBB06}.Debug|Any CPU.Build.0 = Debug|Any CPU
		{81235E96-B535-4DD0-BEED-80B1715BBB06}.Release|Any CPU.ActiveCfg = Release|Any CPU
		{81235E96-B535-4DD0-BEED-80B1715BBB06}.Release|Any CPU.Build.0 = Release|Any CPU
	EndGlobalSection
	GlobalSection(SolutionProperties) = preSolution
		HideSolutionNode = FALSE
	EndGlobalSection
	GlobalSection(ExtensibilityGlobals) = postSolution
		SolutionGuid = {5EA43124-6132-4F8D-B244-7921C9EC6CAF}
	EndGlobalSection
EndGlobal
