
Microsoft Visual Studio Solution File, Format Version 12.00
# Visual Studio Version 16
VisualStudioVersion = 16.0.32510.428
MinimumVisualStudioVersion = 10.0.40219.1
Project("{FAE04EC0-301F-11D3-BF4B-00C04F79EFBC}") = "ParsingEnumsAssignment", "ParsingEnumsAssignment\ParsingEnumsAssignment.csproj", "{CF5AAD68-B4BA-45E6-8598-6A2065C2E8CF}"
EndProject
Global
	GlobalSection(SolutionConfigurationPlatforms) = preSolution
		Debug|Any CPU = Debug|Any CPU
		Release|Any CPU = Release|Any CPU
	EndGlobalSection
	GlobalSection(ProjectConfigurationPlatforms) = postSolution
		{CF5AAD68-B4BA-45E6-8598-6A2065C2E8CF}.Debug|Any CPU.ActiveCfg = Debug|Any CPU
		{CF5AAD68-B4BA-45E6-8598-6A2065C2E8CF}.Debug|Any CPU.Build.0 = Debug|Any CPU
		{CF5AAD68-B4BA-45E6-8598-6A2065C2E8CF}.Release|Any CPU.ActiveCfg = Release|Any CPU
		{CF5AAD68-B4BA-45E6-8598-6A2065C2E8CF}.Release|Any CPU.Build.0 = Release|Any CPU
	EndGlobalSection
	GlobalSection(SolutionProperties) = preSolution
		HideSolutionNode = FALSE
	EndGlobalSection
	GlobalSection(ExtensibilityGlobals) = postSolution
		SolutionGuid = {8365DE7E-5DB9-49A8-BC8B-203ABD9E7010}
	EndGlobalSection
EndGlobal
