
Microsoft Visual Studio Solution File, Format Version 12.00
# Visual Studio Version 16
VisualStudioVersion = 16.0.32510.428
MinimumVisualStudioVersion = 10.0.40219.1
Project("{FAE04EC0-301F-11D3-BF4B-00C04F79EFBC}") = "CallingMethodsAssignemnt", "CallingMethodsAssignemnt\CallingMethodsAssignemnt.csproj", "{64C723BA-2F17-413F-87CA-F4B820E3152B}"
EndProject
Global
	GlobalSection(SolutionConfigurationPlatforms) = preSolution
		Debug|Any CPU = Debug|Any CPU
		Release|Any CPU = Release|Any CPU
	EndGlobalSection
	GlobalSection(ProjectConfigurationPlatforms) = postSolution
		{64C723BA-2F17-413F-87CA-F4B820E3152B}.Debug|Any CPU.ActiveCfg = Debug|Any CPU
		{64C723BA-2F17-413F-87CA-F4B820E3152B}.Debug|Any CPU.Build.0 = Debug|Any CPU
		{64C723BA-2F17-413F-87CA-F4B820E3152B}.Release|Any CPU.ActiveCfg = Release|Any CPU
		{64C723BA-2F17-413F-87CA-F4B820E3152B}.Release|Any CPU.Build.0 = Release|Any CPU
	EndGlobalSection
	GlobalSection(SolutionProperties) = preSolution
		HideSolutionNode = FALSE
	EndGlobalSection
	GlobalSection(ExtensibilityGlobals) = postSolution
		SolutionGuid = {A9AB5227-92B3-4F28-8F26-CAA3007F0627}
	EndGlobalSection
EndGlobal
