
Microsoft Visual Studio Solution File, Format Version 12.00
# Visual Studio Version 16
VisualStudioVersion = 16.0.32510.428
MinimumVisualStudioVersion = 10.0.40219.1
Project("{FAE04EC0-301F-11D3-BF4B-00C04F79EFBC}") = "ConsoleApplicationAssignment", "ConsoleApplicationAssignment\ConsoleApplicationAssignment.csproj", "{1452D95E-7637-4779-B21A-7EC591F77E6C}"
EndProject
Global
	GlobalSection(SolutionConfigurationPlatforms) = preSolution
		Debug|Any CPU = Debug|Any CPU
		Release|Any CPU = Release|Any CPU
	EndGlobalSection
	GlobalSection(ProjectConfigurationPlatforms) = postSolution
		{1452D95E-7637-4779-B21A-7EC591F77E6C}.Debug|Any CPU.ActiveCfg = Debug|Any CPU
		{1452D95E-7637-4779-B21A-7EC591F77E6C}.Debug|Any CPU.Build.0 = Debug|Any CPU
		{1452D95E-7637-4779-B21A-7EC591F77E6C}.Release|Any CPU.ActiveCfg = Release|Any CPU
		{1452D95E-7637-4779-B21A-7EC591F77E6C}.Release|Any CPU.Build.0 = Release|Any CPU
	EndGlobalSection
	GlobalSection(SolutionProperties) = preSolution
		HideSolutionNode = FALSE
	EndGlobalSection
	GlobalSection(ExtensibilityGlobals) = postSolution
		SolutionGuid = {85C80946-FC61-408E-A410-EFC37CCFC29A}
	EndGlobalSection
EndGlobal
